
Microsoft Visual Studio Solution File, Format Version 12.00
# Visual Studio 14
VisualStudioVersion = 14.0.25123.0
MinimumVisualStudioVersion = 10.0.40219.1
Project("{2150E333-8FDC-42A3-9474-1A3956D46DE8}") = "Web", "Web", "{F965447F-1825-4AB0-A94F-DA08E9342749}"
EndProject
Project("{2150E333-8FDC-42A3-9474-1A3956D46DE8}") = "Domian", "Domian", "{B79A4B1E-6DAA-4761-9D2F-3987512F031F}"
EndProject
Project("{2150E333-8FDC-42A3-9474-1A3956D46DE8}") = "Core", "Core", "{AE62B11D-2303-4B9D-97D9-95FA3A5DCC0A}"
EndProject
Project("{2150E333-8FDC-42A3-9474-1A3956D46DE8}") = "Service", "Service", "{BDB6BBD8-EE59-46B7-8453-BBAB4F2D2EE3}"
EndProject
Project("{FAE04EC0-301F-11D3-BF4B-00C04F79EFBC}") = "MPUtil", "MPUtil\MPUtil.csproj", "{3BBC72D2-FB0D-4490-ACFA-C62B31A95AB5}"
EndProject
Project("{FAE04EC0-301F-11D3-BF4B-00C04F79EFBC}") = "Core", "Core\Core.csproj", "{54F62FCF-237F-4071-8D89-2B3A4AC8A2AF}"
EndProject
Global
	GlobalSection(SolutionConfigurationPlatforms) = preSolution
		Debug|Any CPU = Debug|Any CPU
		Release|Any CPU = Release|Any CPU
	EndGlobalSection
	GlobalSection(ProjectConfigurationPlatforms) = postSolution
		{3BBC72D2-FB0D-4490-ACFA-C62B31A95AB5}.Debug|Any CPU.ActiveCfg = Debug|Any CPU
		{3BBC72D2-FB0D-4490-ACFA-C62B31A95AB5}.Debug|Any CPU.Build.0 = Debug|Any CPU
		{3BBC72D2-FB0D-4490-ACFA-C62B31A95AB5}.Release|Any CPU.ActiveCfg = Release|Any CPU
		{3BBC72D2-FB0D-4490-ACFA-C62B31A95AB5}.Release|Any CPU.Build.0 = Release|Any CPU
		{54F62FCF-237F-4071-8D89-2B3A4AC8A2AF}.Debug|Any CPU.ActiveCfg = Debug|Any CPU
		{54F62FCF-237F-4071-8D89-2B3A4AC8A2AF}.Debug|Any CPU.Build.0 = Debug|Any CPU
		{54F62FCF-237F-4071-8D89-2B3A4AC8A2AF}.Release|Any CPU.ActiveCfg = Release|Any CPU
		{54F62FCF-237F-4071-8D89-2B3A4AC8A2AF}.Release|Any CPU.Build.0 = Release|Any CPU
	EndGlobalSection
	GlobalSection(SolutionProperties) = preSolution
		HideSolutionNode = FALSE
	EndGlobalSection
	GlobalSection(NestedProjects) = preSolution
		{3BBC72D2-FB0D-4490-ACFA-C62B31A95AB5} = {AE62B11D-2303-4B9D-97D9-95FA3A5DCC0A}
		{54F62FCF-237F-4071-8D89-2B3A4AC8A2AF} = {AE62B11D-2303-4B9D-97D9-95FA3A5DCC0A}
	EndGlobalSection
EndGlobal
