
Microsoft Visual Studio Solution File, Format Version 12.00
# Visual Studio 14
VisualStudioVersion = 14.0.25123.0
MinimumVisualStudioVersion = 10.0.40219.1
Project("{2150E333-8FDC-42A3-9474-1A3956D46DE8}") = "Web", "Web", "{F965447F-1825-4AB0-A94F-DA08E9342749}"
EndProject
Project("{2150E333-8FDC-42A3-9474-1A3956D46DE8}") = "Domain", "Domain", "{B79A4B1E-6DAA-4761-9D2F-3987512F031F}"
EndProject
Project("{2150E333-8FDC-42A3-9474-1A3956D46DE8}") = "Untity", "Untity", "{AE62B11D-2303-4B9D-97D9-95FA3A5DCC0A}"
EndProject
Project("{2150E333-8FDC-42A3-9474-1A3956D46DE8}") = "Service", "Service", "{BDB6BBD8-EE59-46B7-8453-BBAB4F2D2EE3}"
EndProject
Project("{FAE04EC0-301F-11D3-BF4B-00C04F79EFBC}") = "MPUtil", "MPUtil\MPUtil.csproj", "{3BBC72D2-FB0D-4490-ACFA-C62B31A95AB5}"
EndProject
Project("{FAE04EC0-301F-11D3-BF4B-00C04F79EFBC}") = "Core", "Core\Core.csproj", "{54F62FCF-237F-4071-8D89-2B3A4AC8A2AF}"
EndProject
Project("{FAE04EC0-301F-11D3-BF4B-00C04F79EFBC}") = "Nuoya.Plugins.WeChat", "Nuoya.Plugins.WeChat\Nuoya.Plugins.WeChat.csproj", "{164FA3F1-4A12-458D-B979-10B29CAE9622}"
EndProject
Project("{FAE04EC0-301F-11D3-BF4B-00C04F79EFBC}") = "Server", "Server\Server.csproj", "{12313533-D223-457E-BE2C-5CA8D3F5898D}"
EndProject
Project("{FAE04EC0-301F-11D3-BF4B-00C04F79EFBC}") = "Domain", "Domain\Domain.csproj", "{C11F259A-56D2-4A64-BD34-E613F43212D8}"
EndProject
Project("{FAE04EC0-301F-11D3-BF4B-00C04F79EFBC}") = "Enum", "Enum\Enum.csproj", "{8C23E9B1-34EC-4E41-A340-A70C99C63A07}"
EndProject
Project("{FAE04EC0-301F-11D3-BF4B-00C04F79EFBC}") = "Repository", "Repository\Repository.csproj", "{782F0F81-D0D1-49D3-9464-E77DAA8B3B06}"
EndProject
Global
	GlobalSection(SolutionConfigurationPlatforms) = preSolution
		Debug|Any CPU = Debug|Any CPU
		Release|Any CPU = Release|Any CPU
	EndGlobalSection
	GlobalSection(ProjectConfigurationPlatforms) = postSolution
		{3BBC72D2-FB0D-4490-ACFA-C62B31A95AB5}.Debug|Any CPU.ActiveCfg = Debug|Any CPU
		{3BBC72D2-FB0D-4490-ACFA-C62B31A95AB5}.Debug|Any CPU.Build.0 = Debug|Any CPU
		{3BBC72D2-FB0D-4490-ACFA-C62B31A95AB5}.Release|Any CPU.ActiveCfg = Release|Any CPU
		{3BBC72D2-FB0D-4490-ACFA-C62B31A95AB5}.Release|Any CPU.Build.0 = Release|Any CPU
		{54F62FCF-237F-4071-8D89-2B3A4AC8A2AF}.Debug|Any CPU.ActiveCfg = Debug|Any CPU
		{54F62FCF-237F-4071-8D89-2B3A4AC8A2AF}.Debug|Any CPU.Build.0 = Debug|Any CPU
		{54F62FCF-237F-4071-8D89-2B3A4AC8A2AF}.Release|Any CPU.ActiveCfg = Release|Any CPU
		{54F62FCF-237F-4071-8D89-2B3A4AC8A2AF}.Release|Any CPU.Build.0 = Release|Any CPU
		{164FA3F1-4A12-458D-B979-10B29CAE9622}.Debug|Any CPU.ActiveCfg = Debug|Any CPU
		{164FA3F1-4A12-458D-B979-10B29CAE9622}.Debug|Any CPU.Build.0 = Debug|Any CPU
		{164FA3F1-4A12-458D-B979-10B29CAE9622}.Release|Any CPU.ActiveCfg = Release|Any CPU
		{164FA3F1-4A12-458D-B979-10B29CAE9622}.Release|Any CPU.Build.0 = Release|Any CPU
		{12313533-D223-457E-BE2C-5CA8D3F5898D}.Debug|Any CPU.ActiveCfg = Debug|Any CPU
		{12313533-D223-457E-BE2C-5CA8D3F5898D}.Debug|Any CPU.Build.0 = Debug|Any CPU
		{12313533-D223-457E-BE2C-5CA8D3F5898D}.Release|Any CPU.ActiveCfg = Release|Any CPU
		{12313533-D223-457E-BE2C-5CA8D3F5898D}.Release|Any CPU.Build.0 = Release|Any CPU
		{C11F259A-56D2-4A64-BD34-E613F43212D8}.Debug|Any CPU.ActiveCfg = Debug|Any CPU
		{C11F259A-56D2-4A64-BD34-E613F43212D8}.Debug|Any CPU.Build.0 = Debug|Any CPU
		{C11F259A-56D2-4A64-BD34-E613F43212D8}.Release|Any CPU.ActiveCfg = Release|Any CPU
		{C11F259A-56D2-4A64-BD34-E613F43212D8}.Release|Any CPU.Build.0 = Release|Any CPU
		{8C23E9B1-34EC-4E41-A340-A70C99C63A07}.Debug|Any CPU.ActiveCfg = Debug|Any CPU
		{8C23E9B1-34EC-4E41-A340-A70C99C63A07}.Debug|Any CPU.Build.0 = Debug|Any CPU
		{8C23E9B1-34EC-4E41-A340-A70C99C63A07}.Release|Any CPU.ActiveCfg = Release|Any CPU
		{8C23E9B1-34EC-4E41-A340-A70C99C63A07}.Release|Any CPU.Build.0 = Release|Any CPU
		{782F0F81-D0D1-49D3-9464-E77DAA8B3B06}.Debug|Any CPU.ActiveCfg = Debug|Any CPU
		{782F0F81-D0D1-49D3-9464-E77DAA8B3B06}.Debug|Any CPU.Build.0 = Debug|Any CPU
		{782F0F81-D0D1-49D3-9464-E77DAA8B3B06}.Release|Any CPU.ActiveCfg = Release|Any CPU
		{782F0F81-D0D1-49D3-9464-E77DAA8B3B06}.Release|Any CPU.Build.0 = Release|Any CPU
	EndGlobalSection
	GlobalSection(SolutionProperties) = preSolution
		HideSolutionNode = FALSE
	EndGlobalSection
	GlobalSection(NestedProjects) = preSolution
		{3BBC72D2-FB0D-4490-ACFA-C62B31A95AB5} = {AE62B11D-2303-4B9D-97D9-95FA3A5DCC0A}
		{54F62FCF-237F-4071-8D89-2B3A4AC8A2AF} = {AE62B11D-2303-4B9D-97D9-95FA3A5DCC0A}
		{164FA3F1-4A12-458D-B979-10B29CAE9622} = {F965447F-1825-4AB0-A94F-DA08E9342749}
		{12313533-D223-457E-BE2C-5CA8D3F5898D} = {BDB6BBD8-EE59-46B7-8453-BBAB4F2D2EE3}
		{C11F259A-56D2-4A64-BD34-E613F43212D8} = {B79A4B1E-6DAA-4761-9D2F-3987512F031F}
		{8C23E9B1-34EC-4E41-A340-A70C99C63A07} = {AE62B11D-2303-4B9D-97D9-95FA3A5DCC0A}
		{782F0F81-D0D1-49D3-9464-E77DAA8B3B06} = {B79A4B1E-6DAA-4761-9D2F-3987512F031F}
	EndGlobalSection
EndGlobal
